{
  "name": "calibre-nodejs-examples",
  "version": "2.0.0",
  "lockfileVersion": 3,
  "requires": true,
  "packages": {
    "": {
      "name": "calibre-nodejs-examples",
      "version": "2.0.0",
      "license": "ISC",
      "dependencies": {
        "calibre": "file:../.."
      },
      "engines": {
        "node": ">= 18"
      }
    },
    "../..": {
      "name": "calibre",
      "version": "5.2.0",
      "license": "MIT",
      "dependencies": {
        "@json2csv/node": "^7.0.3",
        "chalk": "^5.0.1",
        "columnify": "^1.6.0",
        "configstore": "^7.0.0",
        "cookiefile": "^1.0.10",
        "date-fns": "^3.3.1",
        "graphql-request": "^7.1.0",
        "humanize": "0.0.9",
        "listr": "^0.14.1",
        "log-symbols": "^7.0.0",
        "marked": "^13.0.3",
        "marked-terminal": "^7.0.0",
        "ora": "^8.0.1",
        "p-throttle": "^6.1.0",
        "simple-update-notifier": "^2.0.0",
        "stats-percentile": "^3.1.0",
        "yargs": "^17.4.1"
      },
      "bin": {
        "calibre": "src/cli.js"
      },
      "devDependencies": {
        "@types/jest": "^29.5.7",
        "esbuild": "^0.23.0",
        "eslint": "^9.9.1",
        "eslint-plugin-jest": "^28.8.0",
        "eslint-plugin-n": "^17.10.2",
        "eslint-plugin-security": "^3.0.1",
        "execa": "^9.3.1",
        "express": "^4.19.2",
        "jest": "^29.7.0",
        "prettier": "3.3.3",
        "ts-jest": "^29.1.1",
        "typescript": "^5.2.2"
      },
      "engines": {
        "node": ">= 18"
      }
    },
    "node_modules/calibre": {
      "resolved": "../..",
      "link": true
    }
  }
}
